
Microsoft Visual Studio Solution File, Format Version 12.00
# Visual Studio Version 16
VisualStudioVersion = 25.0.1704.0
MinimumVisualStudioVersion = 10.0.40219.1
Project("{FAE04EC0-301F-11D3-BF4B-00C04F79EFBC}") = "beyondsoft", "beyondsoft\beyondsoft.csproj", "{675FEA98-282C-40A9-A31A-67467D29ED16}"
EndProject
Project("{FAE04EC0-301F-11D3-BF4B-00C04F79EFBC}") = "beyonsoft.test", "beyonsoft.test\beyonsoft.test.csproj", "{205E8BAB-304C-4459-B253-5D49D3D3157F}"
EndProject
Global
	GlobalSection(SolutionConfigurationPlatforms) = preSolution
		Debug|Any CPU = Debug|Any CPU
		Release|Any CPU = Release|Any CPU
	EndGlobalSection
	GlobalSection(ProjectConfigurationPlatforms) = postSolution
		{675FEA98-282C-40A9-A31A-67467D29ED16}.Debug|Any CPU.ActiveCfg = Debug|Any CPU
		{675FEA98-282C-40A9-A31A-67467D29ED16}.Debug|Any CPU.Build.0 = Debug|Any CPU
		{675FEA98-282C-40A9-A31A-67467D29ED16}.Release|Any CPU.ActiveCfg = Release|Any CPU
		{675FEA98-282C-40A9-A31A-67467D29ED16}.Release|Any CPU.Build.0 = Release|Any CPU
		{205E8BAB-304C-4459-B253-5D49D3D3157F}.Debug|Any CPU.ActiveCfg = Debug|Any CPU
		{205E8BAB-304C-4459-B253-5D49D3D3157F}.Debug|Any CPU.Build.0 = Debug|Any CPU
		{205E8BAB-304C-4459-B253-5D49D3D3157F}.Release|Any CPU.ActiveCfg = Release|Any CPU
		{205E8BAB-304C-4459-B253-5D49D3D3157F}.Release|Any CPU.Build.0 = Release|Any CPU
	EndGlobalSection
	GlobalSection(SolutionProperties) = preSolution
		HideSolutionNode = FALSE
	EndGlobalSection
	GlobalSection(ExtensibilityGlobals) = postSolution
		SolutionGuid = {69944BCA-9F9E-4B89-A0BB-39017CFE4ED5}
	EndGlobalSection
EndGlobal
